
Microsoft Visual Studio Solution File, Format Version 12.00
# Visual Studio Version 17
VisualStudioVersion = 17.5.33424.131
MinimumVisualStudioVersion = 10.0.40219.1
Project("{9A19103F-16F7-4668-BE54-9A1E7A4F7556}") = "LLama.Examples", "LLama.Examples\LLama.Examples.csproj", "{BD1909AD-E1F8-476E-BC49-E394FF0470CE}"
EndProject
Project("{9A19103F-16F7-4668-BE54-9A1E7A4F7556}") = "Llama.Build", "Llama.Build\Llama.Build.csproj", "{97E93E57-1930-41C0-8D3D-924B5EDB8297}"
EndProject
Project("{9A19103F-16F7-4668-BE54-9A1E7A4F7556}") = "LLamaSharp", "LLamaSharp\LLamaSharp.csproj", "{DF1FB53F-B304-46FD-8E99-6CBAD61F0719}"
EndProject
Project("{9A19103F-16F7-4668-BE54-9A1E7A4F7556}") = "LLamaSharp.Tests", "LLamaSharp.Tests\LLamaSharp.Tests.csproj", "{6E9CA2E3-B259-4003-B19E-079A1BB89FAD}"
EndProject
Project("{2150E333-8FDC-42A3-9474-1A3956D46DE8}") = "Solution Files", "Solution Files", "{B241BDBB-F876-45EC-A53B-AB8BE3A6E6D4}"
	ProjectSection(SolutionItems) = preProject
		README.md = README.md
	EndProjectSection
EndProject
Project("{9A19103F-16F7-4668-BE54-9A1E7A4F7556}") = "LLama.WebAPI", "LLama.WebAPI\LLama.WebAPI.csproj", "{5CBBB2B0-27CF-467C-9709-8F885FA000C5}"
EndProject
Global
	GlobalSection(SolutionConfigurationPlatforms) = preSolution
		Debug|Any CPU = Debug|Any CPU
		Debug|Arm64 = Debug|Arm64
		Debug|x64 = Debug|x64
		GPU|Any CPU = GPU|Any CPU
		GPU|Arm64 = GPU|Arm64
		GPU|x64 = GPU|x64
		Release|Any CPU = Release|Any CPU
		Release|Arm64 = Release|Arm64
		Release|x64 = Release|x64
	EndGlobalSection
	GlobalSection(ProjectConfigurationPlatforms) = postSolution
		{BD1909AD-E1F8-476E-BC49-E394FF0470CE}.Debug|Any CPU.ActiveCfg = Debug|Any CPU
		{BD1909AD-E1F8-476E-BC49-E394FF0470CE}.Debug|Any CPU.Build.0 = Debug|Any CPU
		{BD1909AD-E1F8-476E-BC49-E394FF0470CE}.Debug|Arm64.ActiveCfg = Debug|Any CPU
		{BD1909AD-E1F8-476E-BC49-E394FF0470CE}.Debug|Arm64.Build.0 = Debug|Any CPU
		{BD1909AD-E1F8-476E-BC49-E394FF0470CE}.Debug|x64.ActiveCfg = Debug|x64
		{BD1909AD-E1F8-476E-BC49-E394FF0470CE}.Debug|x64.Build.0 = Debug|x64
		{BD1909AD-E1F8-476E-BC49-E394FF0470CE}.GPU|Any CPU.ActiveCfg = Release|Any CPU
		{BD1909AD-E1F8-476E-BC49-E394FF0470CE}.GPU|Any CPU.Build.0 = Release|Any CPU
		{BD1909AD-E1F8-476E-BC49-E394FF0470CE}.GPU|Arm64.ActiveCfg = Release|Any CPU
		{BD1909AD-E1F8-476E-BC49-E394FF0470CE}.GPU|Arm64.Build.0 = Release|Any CPU
		{BD1909AD-E1F8-476E-BC49-E394FF0470CE}.GPU|x64.ActiveCfg = Release|x64
		{BD1909AD-E1F8-476E-BC49-E394FF0470CE}.GPU|x64.Build.0 = Release|x64
		{BD1909AD-E1F8-476E-BC49-E394FF0470CE}.Release|Any CPU.ActiveCfg = Release|Any CPU
		{BD1909AD-E1F8-476E-BC49-E394FF0470CE}.Release|Any CPU.Build.0 = Release|Any CPU
		{BD1909AD-E1F8-476E-BC49-E394FF0470CE}.Release|Arm64.ActiveCfg = Release|Any CPU
		{BD1909AD-E1F8-476E-BC49-E394FF0470CE}.Release|Arm64.Build.0 = Release|Any CPU
		{BD1909AD-E1F8-476E-BC49-E394FF0470CE}.Release|x64.ActiveCfg = Release|x64
		{BD1909AD-E1F8-476E-BC49-E394FF0470CE}.Release|x64.Build.0 = Release|x64
		{97E93E57-1930-41C0-8D3D-924B5EDB8297}.Debug|Any CPU.ActiveCfg = Debug|Any CPU
		{97E93E57-1930-41C0-8D3D-924B5EDB8297}.Debug|Any CPU.Build.0 = Debug|Any CPU
		{97E93E57-1930-41C0-8D3D-924B5EDB8297}.Debug|Arm64.ActiveCfg = Debug|Any CPU
		{97E93E57-1930-41C0-8D3D-924B5EDB8297}.Debug|Arm64.Build.0 = Debug|Any CPU
		{97E93E57-1930-41C0-8D3D-924B5EDB8297}.Debug|x64.ActiveCfg = Debug|Any CPU
		{97E93E57-1930-41C0-8D3D-924B5EDB8297}.Debug|x64.Build.0 = Debug|Any CPU
		{97E93E57-1930-41C0-8D3D-924B5EDB8297}.GPU|Any CPU.ActiveCfg = Debug|Any CPU
		{97E93E57-1930-41C0-8D3D-924B5EDB8297}.GPU|Any CPU.Build.0 = Debug|Any CPU
		{97E93E57-1930-41C0-8D3D-924B5EDB8297}.GPU|Arm64.ActiveCfg = Debug|Any CPU
		{97E93E57-1930-41C0-8D3D-924B5EDB8297}.GPU|Arm64.Build.0 = Debug|Any CPU
		{97E93E57-1930-41C0-8D3D-924B5EDB8297}.GPU|x64.ActiveCfg = Debug|Any CPU
		{97E93E57-1930-41C0-8D3D-924B5EDB8297}.GPU|x64.Build.0 = Debug|Any CPU
		{97E93E57-1930-41C0-8D3D-924B5EDB8297}.Release|Any CPU.ActiveCfg = Release|Any CPU
		{97E93E57-1930-41C0-8D3D-924B5EDB8297}.Release|Any CPU.Build.0 = Release|Any CPU
		{97E93E57-1930-41C0-8D3D-924B5EDB8297}.Release|Arm64.ActiveCfg = Release|Any CPU
		{97E93E57-1930-41C0-8D3D-924B5EDB8297}.Release|Arm64.Build.0 = Release|Any CPU
		{97E93E57-1930-41C0-8D3D-924B5EDB8297}.Release|x64.ActiveCfg = Release|Any CPU
		{97E93E57-1930-41C0-8D3D-924B5EDB8297}.Release|x64.Build.0 = Release|Any CPU
		{DF1FB53F-B304-46FD-8E99-6CBAD61F0719}.Debug|Any CPU.ActiveCfg = Debug|Any CPU
		{DF1FB53F-B304-46FD-8E99-6CBAD61F0719}.Debug|Any CPU.Build.0 = Debug|Any CPU
		{DF1FB53F-B304-46FD-8E99-6CBAD61F0719}.Debug|Arm64.ActiveCfg = Debug|Arm64
		{DF1FB53F-B304-46FD-8E99-6CBAD61F0719}.Debug|Arm64.Build.0 = Debug|Arm64
		{DF1FB53F-B304-46FD-8E99-6CBAD61F0719}.Debug|x64.ActiveCfg = Debug|x64
		{DF1FB53F-B304-46FD-8E99-6CBAD61F0719}.Debug|x64.Build.0 = Debug|x64
		{DF1FB53F-B304-46FD-8E99-6CBAD61F0719}.GPU|Any CPU.ActiveCfg = GPU|Any CPU
		{DF1FB53F-B304-46FD-8E99-6CBAD61F0719}.GPU|Any CPU.Build.0 = GPU|Any CPU
		{DF1FB53F-B304-46FD-8E99-6CBAD61F0719}.GPU|Arm64.ActiveCfg = GPU|Arm64
		{DF1FB53F-B304-46FD-8E99-6CBAD61F0719}.GPU|Arm64.Build.0 = GPU|Arm64
		{DF1FB53F-B304-46FD-8E99-6CBAD61F0719}.GPU|x64.ActiveCfg = GPU|x64
		{DF1FB53F-B304-46FD-8E99-6CBAD61F0719}.GPU|x64.Build.0 = GPU|x64
		{DF1FB53F-B304-46FD-8E99-6CBAD61F0719}.Release|Any CPU.ActiveCfg = Release|Any CPU
		{DF1FB53F-B304-46FD-8E99-6CBAD61F0719}.Release|Any CPU.Build.0 = Release|Any CPU
		{DF1FB53F-B304-46FD-8E99-6CBAD61F0719}.Release|Arm64.ActiveCfg = Release|Arm64
		{DF1FB53F-B304-46FD-8E99-6CBAD61F0719}.Release|Arm64.Build.0 = Release|Arm64
		{DF1FB53F-B304-46FD-8E99-6CBAD61F0719}.Release|x64.ActiveCfg = Release|x64
		{DF1FB53F-B304-46FD-8E99-6CBAD61F0719}.Release|x64.Build.0 = Release|x64
		{6E9CA2E3-B259-4003-B19E-079A1BB89FAD}.Debug|Any CPU.ActiveCfg = Debug|Any CPU
		{6E9CA2E3-B259-4003-B19E-079A1BB89FAD}.Debug|Any CPU.Build.0 = Debug|Any CPU
		{6E9CA2E3-B259-4003-B19E-079A1BB89FAD}.Debug|Arm64.ActiveCfg = Debug|Any CPU
		{6E9CA2E3-B259-4003-B19E-079A1BB89FAD}.Debug|Arm64.Build.0 = Debug|Any CPU
		{6E9CA2E3-B259-4003-B19E-079A1BB89FAD}.Debug|x64.ActiveCfg = Debug|x64
		{6E9CA2E3-B259-4003-B19E-079A1BB89FAD}.Debug|x64.Build.0 = Debug|x64
		{6E9CA2E3-B259-4003-B19E-079A1BB89FAD}.GPU|Any CPU.ActiveCfg = Debug|Any CPU
		{6E9CA2E3-B259-4003-B19E-079A1BB89FAD}.GPU|Any CPU.Build.0 = Debug|Any CPU
		{6E9CA2E3-B259-4003-B19E-079A1BB89FAD}.GPU|Arm64.ActiveCfg = Debug|Any CPU
		{6E9CA2E3-B259-4003-B19E-079A1BB89FAD}.GPU|Arm64.Build.0 = Debug|Any CPU
		{6E9CA2E3-B259-4003-B19E-079A1BB89FAD}.GPU|x64.ActiveCfg = Debug|x64
		{6E9CA2E3-B259-4003-B19E-079A1BB89FAD}.GPU|x64.Build.0 = Debug|x64
		{6E9CA2E3-B259-4003-B19E-079A1BB89FAD}.Release|Any CPU.ActiveCfg = Release|Any CPU
		{6E9CA2E3-B259-4003-B19E-079A1BB89FAD}.Release|Any CPU.Build.0 = Release|Any CPU
		{6E9CA2E3-B259-4003-B19E-079A1BB89FAD}.Release|Arm64.ActiveCfg = Release|Any CPU
		{6E9CA2E3-B259-4003-B19E-079A1BB89FAD}.Release|Arm64.Build.0 = Release|Any CPU
		{6E9CA2E3-B259-4003-B19E-079A1BB89FAD}.Release|x64.ActiveCfg = Release|x64
		{6E9CA2E3-B259-4003-B19E-079A1BB89FAD}.Release|x64.Build.0 = Release|x64
		{5CBBB2B0-27CF-467C-9709-8F885FA000C5}.Debug|Any CPU.ActiveCfg = Debug|Any CPU
		{5CBBB2B0-27CF-467C-9709-8F885FA000C5}.Debug|Any CPU.Build.0 = Debug|Any CPU
		{5CBBB2B0-27CF-467C-9709-8F885FA000C5}.Debug|Arm64.ActiveCfg = Debug|Any CPU
		{5CBBB2B0-27CF-467C-9709-8F885FA000C5}.Debug|Arm64.Build.0 = Debug|Any CPU
		{5CBBB2B0-27CF-467C-9709-8F885FA000C5}.Debug|x64.ActiveCfg = Debug|Any CPU
		{5CBBB2B0-27CF-467C-9709-8F885FA000C5}.Debug|x64.Build.0 = Debug|Any CPU
		{5CBBB2B0-27CF-467C-9709-8F885FA000C5}.GPU|Any CPU.ActiveCfg = Debug|Any CPU
		{5CBBB2B0-27CF-467C-9709-8F885FA000C5}.GPU|Any CPU.Build.0 = Debug|Any CPU
		{5CBBB2B0-27CF-467C-9709-8F885FA000C5}.GPU|Arm64.ActiveCfg = Debug|Any CPU
		{5CBBB2B0-27CF-467C-9709-8F885FA000C5}.GPU|Arm64.Build.0 = Debug|Any CPU
		{5CBBB2B0-27CF-467C-9709-8F885FA000C5}.GPU|x64.ActiveCfg = Debug|Any CPU
		{5CBBB2B0-27CF-467C-9709-8F885FA000C5}.GPU|x64.Build.0 = Debug|Any CPU
		{5CBBB2B0-27CF-467C-9709-8F885FA000C5}.Release|Any CPU.ActiveCfg = Release|Any CPU
		{5CBBB2B0-27CF-467C-9709-8F885FA000C5}.Release|Any CPU.Build.0 = Release|Any CPU
		{5CBBB2B0-27CF-467C-9709-8F885FA000C5}.Release|Arm64.ActiveCfg = Release|Any CPU
		{5CBBB2B0-27CF-467C-9709-8F885FA000C5}.Release|Arm64.Build.0 = Release|Any CPU
		{5CBBB2B0-27CF-467C-9709-8F885FA000C5}.Release|x64.ActiveCfg = Release|Any CPU
		{5CBBB2B0-27CF-467C-9709-8F885FA000C5}.Release|x64.Build.0 = Release|Any CPU
	EndGlobalSection
	GlobalSection(SolutionProperties) = preSolution
		HideSolutionNode = FALSE
	EndGlobalSection
	GlobalSection(ExtensibilityGlobals) = postSolution
		SolutionGuid = {87746B65-249E-4AD9-882B-7B919D079367}
	EndGlobalSection
EndGlobal
